
Microsoft Visual Studio Solution File, Format Version 12.00
# Visual Studio 15
VisualStudioVersion = 15.0.26124.0
MinimumVisualStudioVersion = 15.0.26124.0
Project("{9A19103F-16F7-4668-BE54-9A1E7A4F7556}") = "ThingTest.Api", "ThingTest.Api\ThingTest.Api.csproj", "{70C807DC-E73A-4742-B198-C2894085D874}"
EndProject
Global
	GlobalSection(SolutionConfigurationPlatforms) = preSolution
		Debug|Any CPU = Debug|Any CPU
		Debug|x64 = Debug|x64
		Debug|x86 = Debug|x86
		Release|Any CPU = Release|Any CPU
		Release|x64 = Release|x64
		Release|x86 = Release|x86
	EndGlobalSection
	GlobalSection(ProjectConfigurationPlatforms) = postSolution
		{70C807DC-E73A-4742-B198-C2894085D874}.Debug|Any CPU.ActiveCfg = Debug|Any CPU
		{70C807DC-E73A-4742-B198-C2894085D874}.Debug|Any CPU.Build.0 = Debug|Any CPU
		{70C807DC-E73A-4742-B198-C2894085D874}.Debug|x64.ActiveCfg = Debug|Any CPU
		{70C807DC-E73A-4742-B198-C2894085D874}.Debug|x64.Build.0 = Debug|Any CPU
		{70C807DC-E73A-4742-B198-C2894085D874}.Debug|x86.ActiveCfg = Debug|Any CPU
		{70C807DC-E73A-4742-B198-C2894085D874}.Debug|x86.Build.0 = Debug|Any CPU
		{70C807DC-E73A-4742-B198-C2894085D874}.Release|Any CPU.ActiveCfg = Release|Any CPU
		{70C807DC-E73A-4742-B198-C2894085D874}.Release|Any CPU.Build.0 = Release|Any CPU
		{70C807DC-E73A-4742-B198-C2894085D874}.Release|x64.ActiveCfg = Release|Any CPU
		{70C807DC-E73A-4742-B198-C2894085D874}.Release|x64.Build.0 = Release|Any CPU
		{70C807DC-E73A-4742-B198-C2894085D874}.Release|x86.ActiveCfg = Release|Any CPU
		{70C807DC-E73A-4742-B198-C2894085D874}.Release|x86.Build.0 = Release|Any CPU
	EndGlobalSection
	GlobalSection(SolutionProperties) = preSolution
		HideSolutionNode = FALSE
	EndGlobalSection
	GlobalSection(ExtensibilityGlobals) = postSolution
		SolutionGuid = {3D1D0B6A-A798-4AA2-BE32-468FF47D9136}
	EndGlobalSection
EndGlobal
